
Microsoft Visual Studio Solution File, Format Version 12.00
# Visual Studio Version 16
VisualStudioVersion = 16.0.30420.98
MinimumVisualStudioVersion = 10.0.40219.1
Project("{2150E333-8FDC-42A3-9474-1A3956D46DE8}") = "Solution Items", "Solution Items", "{EE5932FB-40A8-4A57-9A9A-C8CB8D730532}"
	ProjectSection(SolutionItems) = preProject
		.github\workflows\gh-pages.yml = .github\workflows\gh-pages.yml
		THIRD-PARTY-NOTICES.txt = THIRD-PARTY-NOTICES.txt
	EndProjectSection
EndProject
Project("{9A19103F-16F7-4668-BE54-9A1E7A4F7556}") = "CUIFlavoredPortfolioSite", "CUIFlavoredPortfolioSite\CUIFlavoredPortfolioSite.csproj", "{ABB81B02-8224-414B-A4C7-A78B641BF275}"
EndProject
Project("{9A19103F-16F7-4668-BE54-9A1E7A4F7556}") = "CUIFlavoredPortfolioSite.Test", "CUIFlavoredPortfolioSite.Test\CUIFlavoredPortfolioSite.Test.csproj", "{4C211B53-4689-4969-BB18-7051EC002D52}"
EndProject
Project("{2150E333-8FDC-42A3-9474-1A3956D46DE8}") = "README", "README", "{C4FECA7B-4B5F-4CBD-B636-A42823E8CCAE}"
	ProjectSection(SolutionItems) = preProject
		LICENSE = LICENSE
		README.md = README.md
		THIRD-PARTY-NOTICES.txt = THIRD-PARTY-NOTICES.txt
	EndProjectSection
EndProject
Global
	GlobalSection(SolutionConfigurationPlatforms) = preSolution
		Debug|Any CPU = Debug|Any CPU
		Release|Any CPU = Release|Any CPU
	EndGlobalSection
	GlobalSection(ProjectConfigurationPlatforms) = postSolution
		{ABB81B02-8224-414B-A4C7-A78B641BF275}.Debug|Any CPU.ActiveCfg = Debug|Any CPU
		{ABB81B02-8224-414B-A4C7-A78B641BF275}.Debug|Any CPU.Build.0 = Debug|Any CPU
		{ABB81B02-8224-414B-A4C7-A78B641BF275}.Release|Any CPU.ActiveCfg = Release|Any CPU
		{ABB81B02-8224-414B-A4C7-A78B641BF275}.Release|Any CPU.Build.0 = Release|Any CPU
		{4C211B53-4689-4969-BB18-7051EC002D52}.Debug|Any CPU.ActiveCfg = Debug|Any CPU
		{4C211B53-4689-4969-BB18-7051EC002D52}.Debug|Any CPU.Build.0 = Debug|Any CPU
		{4C211B53-4689-4969-BB18-7051EC002D52}.Release|Any CPU.ActiveCfg = Release|Any CPU
		{4C211B53-4689-4969-BB18-7051EC002D52}.Release|Any CPU.Build.0 = Release|Any CPU
	EndGlobalSection
	GlobalSection(SolutionProperties) = preSolution
		HideSolutionNode = FALSE
	EndGlobalSection
	GlobalSection(ExtensibilityGlobals) = postSolution
		SolutionGuid = {2262E67B-C402-4E7F-96CA-EAF52DD1033E}
	EndGlobalSection
EndGlobal
